
Microsoft Visual Studio Solution File, Format Version 12.00
Project("{2150E333-8FDC-42A3-9474-1A3956D46DE8}") = "src", "src", "{BB7A0CEE-A156-4E05-B1C4-690F88A3D366}"
EndProject
Project("{2150E333-8FDC-42A3-9474-1A3956D46DE8}") = "Core", "Core", "{E04C493B-503F-4AF6-8E74-B7691BC96EE9}"
EndProject
Project("{FAE04EC0-301F-11D3-BF4B-00C04F79EFBC}") = "App.Domain", "src\Core\App.Domain\App.Domain.csproj", "{CA7E31A5-BCF1-4F3E-B2DF-F08E8C517FBB}"
EndProject
Project("{FAE04EC0-301F-11D3-BF4B-00C04F79EFBC}") = "App.Application", "src\Core\App.Application\App.Application.csproj", "{E2B06B30-8DEC-45A2-A9C6-691A8D42D326}"
EndProject
Project("{2150E333-8FDC-42A3-9474-1A3956D46DE8}") = "Infrastructure", "Infrastructure", "{9D4CA435-9D72-4C93-8DA9-3466C0DCFF09}"
EndProject
Project("{FAE04EC0-301F-11D3-BF4B-00C04F79EFBC}") = "App.Persistence", "src\Infrastructure\App.Persistence\App.Persistence.csproj", "{152E88A1-01FB-4E27-9EE6-ED15661B29C4}"
EndProject
Project("{2150E333-8FDC-42A3-9474-1A3956D46DE8}") = "WebApi", "WebApi", "{719BFCBB-788C-4ACD-9A10-529A8D2C47CB}"
EndProject
Project("{FAE04EC0-301F-11D3-BF4B-00C04F79EFBC}") = "WebApi", "src\WebApi\WebApi\WebApi.csproj", "{BA1056B3-28EA-434A-97A2-567E631A22B8}"
EndProject
Global
	GlobalSection(SolutionConfigurationPlatforms) = preSolution
		Debug|Any CPU = Debug|Any CPU
		Release|Any CPU = Release|Any CPU
	EndGlobalSection
	GlobalSection(NestedProjects) = preSolution
		{E04C493B-503F-4AF6-8E74-B7691BC96EE9} = {BB7A0CEE-A156-4E05-B1C4-690F88A3D366}
		{CA7E31A5-BCF1-4F3E-B2DF-F08E8C517FBB} = {E04C493B-503F-4AF6-8E74-B7691BC96EE9}
		{E2B06B30-8DEC-45A2-A9C6-691A8D42D326} = {E04C493B-503F-4AF6-8E74-B7691BC96EE9}
		{9D4CA435-9D72-4C93-8DA9-3466C0DCFF09} = {BB7A0CEE-A156-4E05-B1C4-690F88A3D366}
		{152E88A1-01FB-4E27-9EE6-ED15661B29C4} = {9D4CA435-9D72-4C93-8DA9-3466C0DCFF09}
		{719BFCBB-788C-4ACD-9A10-529A8D2C47CB} = {BB7A0CEE-A156-4E05-B1C4-690F88A3D366}
		{BA1056B3-28EA-434A-97A2-567E631A22B8} = {719BFCBB-788C-4ACD-9A10-529A8D2C47CB}
	EndGlobalSection
	GlobalSection(ProjectConfigurationPlatforms) = postSolution
		{CA7E31A5-BCF1-4F3E-B2DF-F08E8C517FBB}.Debug|Any CPU.ActiveCfg = Debug|Any CPU
		{CA7E31A5-BCF1-4F3E-B2DF-F08E8C517FBB}.Debug|Any CPU.Build.0 = Debug|Any CPU
		{CA7E31A5-BCF1-4F3E-B2DF-F08E8C517FBB}.Release|Any CPU.ActiveCfg = Release|Any CPU
		{CA7E31A5-BCF1-4F3E-B2DF-F08E8C517FBB}.Release|Any CPU.Build.0 = Release|Any CPU
		{E2B06B30-8DEC-45A2-A9C6-691A8D42D326}.Debug|Any CPU.ActiveCfg = Debug|Any CPU
		{E2B06B30-8DEC-45A2-A9C6-691A8D42D326}.Debug|Any CPU.Build.0 = Debug|Any CPU
		{E2B06B30-8DEC-45A2-A9C6-691A8D42D326}.Release|Any CPU.ActiveCfg = Release|Any CPU
		{E2B06B30-8DEC-45A2-A9C6-691A8D42D326}.Release|Any CPU.Build.0 = Release|Any CPU
		{152E88A1-01FB-4E27-9EE6-ED15661B29C4}.Debug|Any CPU.ActiveCfg = Debug|Any CPU
		{152E88A1-01FB-4E27-9EE6-ED15661B29C4}.Debug|Any CPU.Build.0 = Debug|Any CPU
		{152E88A1-01FB-4E27-9EE6-ED15661B29C4}.Release|Any CPU.ActiveCfg = Release|Any CPU
		{152E88A1-01FB-4E27-9EE6-ED15661B29C4}.Release|Any CPU.Build.0 = Release|Any CPU
		{BA1056B3-28EA-434A-97A2-567E631A22B8}.Debug|Any CPU.ActiveCfg = Debug|Any CPU
		{BA1056B3-28EA-434A-97A2-567E631A22B8}.Debug|Any CPU.Build.0 = Debug|Any CPU
		{BA1056B3-28EA-434A-97A2-567E631A22B8}.Release|Any CPU.ActiveCfg = Release|Any CPU
		{BA1056B3-28EA-434A-97A2-567E631A22B8}.Release|Any CPU.Build.0 = Release|Any CPU
	EndGlobalSection
EndGlobal
